
Microsoft Visual Studio Solution File, Format Version 12.00
# Visual Studio 15
VisualStudioVersion = 15.0.28307.902
MinimumVisualStudioVersion = 10.0.40219.1
Project("{FAE04EC0-301F-11D3-BF4B-00C04F79EFBC}") = "FindingBrokenImages", "FindingBrokenImages\FindingBrokenImages.csproj", "{A64B098F-7B49-474C-AF54-4B9787662A79}"
EndProject
Global
	GlobalSection(SolutionConfigurationPlatforms) = preSolution
		Debug|Any CPU = Debug|Any CPU
		Release|Any CPU = Release|Any CPU
	EndGlobalSection
	GlobalSection(ProjectConfigurationPlatforms) = postSolution
		{A64B098F-7B49-474C-AF54-4B9787662A79}.Debug|Any CPU.ActiveCfg = Debug|Any CPU
		{A64B098F-7B49-474C-AF54-4B9787662A79}.Debug|Any CPU.Build.0 = Debug|Any CPU
		{A64B098F-7B49-474C-AF54-4B9787662A79}.Release|Any CPU.ActiveCfg = Release|Any CPU
		{A64B098F-7B49-474C-AF54-4B9787662A79}.Release|Any CPU.Build.0 = Release|Any CPU
	EndGlobalSection
	GlobalSection(SolutionProperties) = preSolution
		HideSolutionNode = FALSE
	EndGlobalSection
	GlobalSection(ExtensibilityGlobals) = postSolution
		SolutionGuid = {00BEF4C5-3CD6-4A3F-9E81-670AA1B62A10}
	EndGlobalSection
EndGlobal
